
Microsoft Visual Studio Solution File, Format Version 12.00
Project("{FAE04EC0-301F-11D3-BF4B-00C04F79EFBC}") = "ToDoApp.Api", "ToDoApp.Api\ToDoApp.Api.csproj", "{4B2E1091-00D2-4FC3-B3A5-0CB92F1E2D15}"
EndProject
Project("{FAE04EC0-301F-11D3-BF4B-00C04F79EFBC}") = "ToDoApp.Application", "ToDoApp.Application\ToDoApp.Application.csproj", "{2AF040B7-FB4B-452C-8AE7-4C1EC1EECDC6}"
EndProject
Project("{FAE04EC0-301F-11D3-BF4B-00C04F79EFBC}") = "ToDoApp.Domain", "ToDoApp.Domain\ToDoApp.Domain.csproj", "{29C74085-39CD-4633-9E1B-626A8EDE66F5}"
EndProject
Project("{FAE04EC0-301F-11D3-BF4B-00C04F79EFBC}") = "ToDoApp.Infrastructure", "ToDoApp.Infrastructure\ToDoApp.Infrastructure.csproj", "{36920B16-DD98-457B-AAA8-4496A3A853B2}"
EndProject
Project("{2150E333-8FDC-42A3-9474-1A3956D46DE8}") = "docs", "docs", "{A7B2A23C-A6E0-40E3-90DC-5330F3E234E7}"
	ProjectSection(SolutionItems) = preProject
		dev-notes.md = dev-notes.md
	EndProjectSection
EndProject
Project("{FAE04EC0-301F-11D3-BF4B-00C04F79EFBC}") = "ToDoApp.ServiceBus", "ToDoApp.ServiceBus\ToDoApp.ServiceBus.csproj", "{28CC2096-7563-4160-86B1-11D8459533BE}"
EndProject
Project("{FAE04EC0-301F-11D3-BF4B-00C04F79EFBC}") = "ToDoApp.Domain.Tests", "ToDoApp.Domain.Tests\ToDoApp.Domain.Tests.csproj", "{5585A413-F324-4864-9D5F-B1A19137D3D6}"
EndProject
Global
	GlobalSection(SolutionConfigurationPlatforms) = preSolution
		Debug|Any CPU = Debug|Any CPU
		Release|Any CPU = Release|Any CPU
	EndGlobalSection
	GlobalSection(ProjectConfigurationPlatforms) = postSolution
		{4B2E1091-00D2-4FC3-B3A5-0CB92F1E2D15}.Debug|Any CPU.ActiveCfg = Debug|Any CPU
		{4B2E1091-00D2-4FC3-B3A5-0CB92F1E2D15}.Debug|Any CPU.Build.0 = Debug|Any CPU
		{4B2E1091-00D2-4FC3-B3A5-0CB92F1E2D15}.Release|Any CPU.ActiveCfg = Release|Any CPU
		{4B2E1091-00D2-4FC3-B3A5-0CB92F1E2D15}.Release|Any CPU.Build.0 = Release|Any CPU
		{2AF040B7-FB4B-452C-8AE7-4C1EC1EECDC6}.Debug|Any CPU.ActiveCfg = Debug|Any CPU
		{2AF040B7-FB4B-452C-8AE7-4C1EC1EECDC6}.Debug|Any CPU.Build.0 = Debug|Any CPU
		{2AF040B7-FB4B-452C-8AE7-4C1EC1EECDC6}.Release|Any CPU.ActiveCfg = Release|Any CPU
		{2AF040B7-FB4B-452C-8AE7-4C1EC1EECDC6}.Release|Any CPU.Build.0 = Release|Any CPU
		{29C74085-39CD-4633-9E1B-626A8EDE66F5}.Debug|Any CPU.ActiveCfg = Debug|Any CPU
		{29C74085-39CD-4633-9E1B-626A8EDE66F5}.Debug|Any CPU.Build.0 = Debug|Any CPU
		{29C74085-39CD-4633-9E1B-626A8EDE66F5}.Release|Any CPU.ActiveCfg = Release|Any CPU
		{29C74085-39CD-4633-9E1B-626A8EDE66F5}.Release|Any CPU.Build.0 = Release|Any CPU
		{36920B16-DD98-457B-AAA8-4496A3A853B2}.Debug|Any CPU.ActiveCfg = Debug|Any CPU
		{36920B16-DD98-457B-AAA8-4496A3A853B2}.Debug|Any CPU.Build.0 = Debug|Any CPU
		{36920B16-DD98-457B-AAA8-4496A3A853B2}.Release|Any CPU.ActiveCfg = Release|Any CPU
		{36920B16-DD98-457B-AAA8-4496A3A853B2}.Release|Any CPU.Build.0 = Release|Any CPU
		{28CC2096-7563-4160-86B1-11D8459533BE}.Debug|Any CPU.ActiveCfg = Debug|Any CPU
		{28CC2096-7563-4160-86B1-11D8459533BE}.Debug|Any CPU.Build.0 = Debug|Any CPU
		{28CC2096-7563-4160-86B1-11D8459533BE}.Release|Any CPU.ActiveCfg = Release|Any CPU
		{28CC2096-7563-4160-86B1-11D8459533BE}.Release|Any CPU.Build.0 = Release|Any CPU
		{5585A413-F324-4864-9D5F-B1A19137D3D6}.Debug|Any CPU.ActiveCfg = Debug|Any CPU
		{5585A413-F324-4864-9D5F-B1A19137D3D6}.Debug|Any CPU.Build.0 = Debug|Any CPU
		{5585A413-F324-4864-9D5F-B1A19137D3D6}.Release|Any CPU.ActiveCfg = Release|Any CPU
		{5585A413-F324-4864-9D5F-B1A19137D3D6}.Release|Any CPU.Build.0 = Release|Any CPU
	EndGlobalSection
EndGlobal
